
Microsoft Visual Studio Solution File, Format Version 12.00
# Visual Studio 15
VisualStudioVersion = 15.0.28307.489
MinimumVisualStudioVersion = 10.0.40219.1
Project("{9A19103F-16F7-4668-BE54-9A1E7A4F7556}") = "WTG-94239", "WTG-94239\WTG-94239.csproj", "{A7C75C39-9B73-42FC-86E9-E52AA7AAC1C9}"
EndProject
Project("{FAE04EC0-301F-11D3-BF4B-00C04F79EFBC}") = "ClassLibrary1", "ClassLibrary1\ClassLibrary1.csproj", "{46CFB4E0-DDBA-455E-BC23-A600FDCAC6E2}"
EndProject
Global
	GlobalSection(SolutionConfigurationPlatforms) = preSolution
		Debug|Any CPU = Debug|Any CPU
		Release|Any CPU = Release|Any CPU
	EndGlobalSection
	GlobalSection(ProjectConfigurationPlatforms) = postSolution
		{A7C75C39-9B73-42FC-86E9-E52AA7AAC1C9}.Debug|Any CPU.ActiveCfg = Debug|Any CPU
		{A7C75C39-9B73-42FC-86E9-E52AA7AAC1C9}.Debug|Any CPU.Build.0 = Debug|Any CPU
		{A7C75C39-9B73-42FC-86E9-E52AA7AAC1C9}.Release|Any CPU.ActiveCfg = Release|Any CPU
		{A7C75C39-9B73-42FC-86E9-E52AA7AAC1C9}.Release|Any CPU.Build.0 = Release|Any CPU
		{46CFB4E0-DDBA-455E-BC23-A600FDCAC6E2}.Debug|Any CPU.ActiveCfg = Debug|Any CPU
		{46CFB4E0-DDBA-455E-BC23-A600FDCAC6E2}.Debug|Any CPU.Build.0 = Debug|Any CPU
		{46CFB4E0-DDBA-455E-BC23-A600FDCAC6E2}.Release|Any CPU.ActiveCfg = Release|Any CPU
		{46CFB4E0-DDBA-455E-BC23-A600FDCAC6E2}.Release|Any CPU.Build.0 = Release|Any CPU
	EndGlobalSection
	GlobalSection(SolutionProperties) = preSolution
		HideSolutionNode = FALSE
	EndGlobalSection
	GlobalSection(ExtensibilityGlobals) = postSolution
		SolutionGuid = {862A9A74-BA4A-4002-A90E-05AA5C94258E}
	EndGlobalSection
EndGlobal
